// !$*UTF8*$!
{
	archiveVersion = 1;
	classes = {
	};
	objectVersion = 77;
	objects = {

/* Begin PBXBuildFile section */
		0FFCEB4EA38630BDB4AA47A3 /* AppModel.swift in Sources */ = {isa = PBXBuildFile; fileRef = C111DA1D51ABC444DDD8BBD6 /* AppModel.swift */; };
		123BB2C7D292495FBDE1D1FD /* QueryBar.swift in Sources */ = {isa = PBXBuildFile; fileRef = 57E1032E4B1912602DA8E0F6 /* QueryBar.swift */; };
		1968B06CB86F5BDFBC2CECE3 /* CoreFoundation.framework in Frameworks */ = {isa = PBXBuildFile; fileRef = 033AFA978BEC7A1F7B4A3C24 /* CoreFoundation.framework */; };
		19C6A6A2B084B43FA2C57C9E /* Contract.swift in Sources */ = {isa = PBXBuildFile; fileRef = FEE6EDBC45BAE685E6A30F3B /* Contract.swift */; };
		28FD7195F45FD6ED7BD75544 /* EmailView.swift in Sources */ = {isa = PBXBuildFile; fileRef = AC5484107ACD135B39E7E13D /* EmailView.swift */; };
		37DE70F461EACF2170FEFC38 /* Assets.xcassets in Resources */ = {isa = PBXBuildFile; fileRef = F8C9238FB7F10930BB8EDDFE /* Assets.xcassets */; };
		3C83A913246980103EF0641D /* TraceView.swift in Sources */ = {isa = PBXBuildFile; fileRef = 6FD7B9BEE151A9DB9A3F7094 /* TraceView.swift */; };
		769F5477EC6A291C9C3CC96D /* AppIcon.icon in Resources */ = {isa = PBXBuildFile; fileRef = 85317044D794DF2935CD0676 /* AppIcon.icon */; };
		820894E762F1EED80DB70068 /* RecordDetail.swift in Sources */ = {isa = PBXBuildFile; fileRef = 7B77C6D5F2806DF13D416182 /* RecordDetail.swift */; };
		8C69467B616CDABBE6E4D918 /* QueryResultView.swift in Sources */ = {isa = PBXBuildFile; fileRef = A2CF6A7A69A355276A1A4D3E /* QueryResultView.swift */; };
		97F294C961493B18A4AF1B0E /* CoreBridge.swift in Sources */ = {isa = PBXBuildFile; fileRef = FA298458E1FC218F3D43D8F9 /* CoreBridge.swift */; };
		A094BEA3D065337DBC388D35 /* DetailsView.swift in Sources */ = {isa = PBXBuildFile; fileRef = 04E9BE2BF54273089464150C /* DetailsView.swift */; };
		A39E96BE7FDBE0B9F7C3F002 /* SystemConfiguration.framework in Frameworks */ = {isa = PBXBuildFile; fileRef = 8D7C6B267CD2CFC21912F6B6 /* SystemConfiguration.framework */; };
		A68EBB735D368413FE4D2D32 /* DNSSECView.swift in Sources */ = {isa = PBXBuildFile; fileRef = CE0B9951B7ED27F5CA39F03F /* DNSSECView.swift */; };
		AA2CD3C6424EF46CD673FB62 /* WatchCenter.swift in Sources */ = {isa = PBXBuildFile; fileRef = 06FA671494916709A42DAF73 /* WatchCenter.swift */; };
		B6B93EE85E9B297A2BC65A87 /* SystemLookup.swift in Sources */ = {isa = PBXBuildFile; fileRef = 0F9A107B146C8BA52FD9D231 /* SystemLookup.swift */; };
		C5DB41DC623384B4FF764EA3 /* ContentView.swift in Sources */ = {isa = PBXBuildFile; fileRef = BD92D60BBA8CD7918A1EBBB6 /* ContentView.swift */; };
		CB3D2C1089E90722A9FEB10B /* HistoryView.swift in Sources */ = {isa = PBXBuildFile; fileRef = 6349ECABD302FD6CD13C3D1A /* HistoryView.swift */; };
		D5481E55DD56C6D970C05D1C /* History.swift in Sources */ = {isa = PBXBuildFile; fileRef = 0398D499E37F2DFFB5BE296A /* History.swift */; };
		D559A3B445037FC3C41C0C40 /* RegistryView.swift in Sources */ = {isa = PBXBuildFile; fileRef = 43FEC950C575558AC0B80170 /* RegistryView.swift */; };
		D7F96C26DCBBB7B059530FC9 /* CompareView.swift in Sources */ = {isa = PBXBuildFile; fileRef = 9CBC3718CAF2A1B452FF1C10 /* CompareView.swift */; };
		DC821772277930838732CC4E /* Style.swift in Sources */ = {isa = PBXBuildFile; fileRef = 0C35D0A5583336D66422EB05 /* Style.swift */; };
		E0083259941AB5A76373DACE /* WatchView.swift in Sources */ = {isa = PBXBuildFile; fileRef = 8691B7565317767E3CA6034C /* WatchView.swift */; };
		EE94450E7756AFD6937BCDB7 /* NordygApp.swift in Sources */ = {isa = PBXBuildFile; fileRef = 0F543A15E0D412ED6A81EC90 /* NordygApp.swift */; };
		F49E1B2B1C820BEA7904E28E /* SystemResolvers.swift in Sources */ = {isa = PBXBuildFile; fileRef = A2C725578BDAB3F4F7D41862 /* SystemResolvers.swift */; };
		F5588726D26CDAB2CDCD5B4A /* JSONValue.swift in Sources */ = {isa = PBXBuildFile; fileRef = 126A49E5275FB83FA0A413EE /* JSONValue.swift */; };
		FC60604C32A6B273979F566F /* Security.framework in Frameworks */ = {isa = PBXBuildFile; fileRef = 6C2E2AD67FA445D256C98277 /* Security.framework */; };
/* End PBXBuildFile section */

/* Begin PBXFileReference section */
		00A5EB06BE3509FD063C2508 /* Nordyg.app */ = {isa = PBXFileReference; explicitFileType = wrapper.application; includeInIndex = 0; path = Nordyg.app; sourceTree = BUILT_PRODUCTS_DIR; };
		033AFA978BEC7A1F7B4A3C24 /* CoreFoundation.framework */ = {isa = PBXFileReference; lastKnownFileType = wrapper.framework; name = CoreFoundation.framework; path = System/Library/Frameworks/CoreFoundation.framework; sourceTree = SDKROOT; };
		0398D499E37F2DFFB5BE296A /* History.swift */ = {isa = PBXFileReference; lastKnownFileType = sourcecode.swift; path = History.swift; sourceTree = "<group>"; };
		04E9BE2BF54273089464150C /* DetailsView.swift */ = {isa = PBXFileReference; lastKnownFileType = sourcecode.swift; path = DetailsView.swift; sourceTree = "<group>"; };
		06FA671494916709A42DAF73 /* WatchCenter.swift */ = {isa = PBXFileReference; lastKnownFileType = sourcecode.swift; path = WatchCenter.swift; sourceTree = "<group>"; };
		08A4CD629480DD0D02DC72AD /* module.modulemap */ = {isa = PBXFileReference; lastKnownFileType = "sourcecode.module-map"; path = module.modulemap; sourceTree = "<group>"; };
		0C35D0A5583336D66422EB05 /* Style.swift */ = {isa = PBXFileReference; lastKnownFileType = sourcecode.swift; path = Style.swift; sourceTree = "<group>"; };
		0F543A15E0D412ED6A81EC90 /* NordygApp.swift */ = {isa = PBXFileReference; lastKnownFileType = sourcecode.swift; path = NordygApp.swift; sourceTree = "<group>"; };
		0F9A107B146C8BA52FD9D231 /* SystemLookup.swift */ = {isa = PBXFileReference; lastKnownFileType = sourcecode.swift; path = SystemLookup.swift; sourceTree = "<group>"; };
		126A49E5275FB83FA0A413EE /* JSONValue.swift */ = {isa = PBXFileReference; lastKnownFileType = sourcecode.swift; path = JSONValue.swift; sourceTree = "<group>"; };
		2F3EF3B2BD66623456A4D7ED /* Info.plist */ = {isa = PBXFileReference; lastKnownFileType = text.plist; path = Info.plist; sourceTree = "<group>"; };
		43FEC950C575558AC0B80170 /* RegistryView.swift */ = {isa = PBXFileReference; lastKnownFileType = sourcecode.swift; path = RegistryView.swift; sourceTree = "<group>"; };
		57E1032E4B1912602DA8E0F6 /* QueryBar.swift */ = {isa = PBXFileReference; lastKnownFileType = sourcecode.swift; path = QueryBar.swift; sourceTree = "<group>"; };
		6349ECABD302FD6CD13C3D1A /* HistoryView.swift */ = {isa = PBXFileReference; lastKnownFileType = sourcecode.swift; path = HistoryView.swift; sourceTree = "<group>"; };
		6C2E2AD67FA445D256C98277 /* Security.framework */ = {isa = PBXFileReference; lastKnownFileType = wrapper.framework; name = Security.framework; path = System/Library/Frameworks/Security.framework; sourceTree = SDKROOT; };
		6FD7B9BEE151A9DB9A3F7094 /* TraceView.swift */ = {isa = PBXFileReference; lastKnownFileType = sourcecode.swift; path = TraceView.swift; sourceTree = "<group>"; };
		73D887D92E6DD0BA362E5276 /* Nordyg.entitlements */ = {isa = PBXFileReference; lastKnownFileType = text.plist.entitlements; path = Nordyg.entitlements; sourceTree = "<group>"; };
		7B77C6D5F2806DF13D416182 /* RecordDetail.swift */ = {isa = PBXFileReference; lastKnownFileType = sourcecode.swift; path = RecordDetail.swift; sourceTree = "<group>"; };
		85317044D794DF2935CD0676 /* AppIcon.icon */ = {isa = PBXFileReference; lastKnownFileType = wrapper.icon; path = AppIcon.icon; sourceTree = "<group>"; };
		8691B7565317767E3CA6034C /* WatchView.swift */ = {isa = PBXFileReference; lastKnownFileType = sourcecode.swift; path = WatchView.swift; sourceTree = "<group>"; };
		8D7C6B267CD2CFC21912F6B6 /* SystemConfiguration.framework */ = {isa = PBXFileReference; lastKnownFileType = wrapper.framework; name = SystemConfiguration.framework; path = System/Library/Frameworks/SystemConfiguration.framework; sourceTree = SDKROOT; };
		9CBC3718CAF2A1B452FF1C10 /* CompareView.swift */ = {isa = PBXFileReference; lastKnownFileType = sourcecode.swift; path = CompareView.swift; sourceTree = "<group>"; };
		A2C725578BDAB3F4F7D41862 /* SystemResolvers.swift */ = {isa = PBXFileReference; lastKnownFileType = sourcecode.swift; path = SystemResolvers.swift; sourceTree = "<group>"; };
		A2CF6A7A69A355276A1A4D3E /* QueryResultView.swift */ = {isa = PBXFileReference; lastKnownFileType = sourcecode.swift; path = QueryResultView.swift; sourceTree = "<group>"; };
		AC5484107ACD135B39E7E13D /* EmailView.swift */ = {isa = PBXFileReference; lastKnownFileType = sourcecode.swift; path = EmailView.swift; sourceTree = "<group>"; };
		BD92D60BBA8CD7918A1EBBB6 /* ContentView.swift */ = {isa = PBXFileReference; lastKnownFileType = sourcecode.swift; path = ContentView.swift; sourceTree = "<group>"; };
		C111DA1D51ABC444DDD8BBD6 /* AppModel.swift */ = {isa = PBXFileReference; lastKnownFileType = sourcecode.swift; path = AppModel.swift; sourceTree = "<group>"; };
		CE0B9951B7ED27F5CA39F03F /* DNSSECView.swift */ = {isa = PBXFileReference; lastKnownFileType = sourcecode.swift; path = DNSSECView.swift; sourceTree = "<group>"; };
		D8C87B2C5A32B93139BFA60E /* libnordyg.h */ = {isa = PBXFileReference; lastKnownFileType = sourcecode.c.h; path = libnordyg.h; sourceTree = "<group>"; };
		F8C9238FB7F10930BB8EDDFE /* Assets.xcassets */ = {isa = PBXFileReference; lastKnownFileType = folder.assetcatalog; path = Assets.xcassets; sourceTree = "<group>"; };
		FA298458E1FC218F3D43D8F9 /* CoreBridge.swift */ = {isa = PBXFileReference; lastKnownFileType = sourcecode.swift; path = CoreBridge.swift; sourceTree = "<group>"; };
		FEE6EDBC45BAE685E6A30F3B /* Contract.swift */ = {isa = PBXFileReference; lastKnownFileType = sourcecode.swift; path = Contract.swift; sourceTree = "<group>"; };
/* End PBXFileReference section */

/* Begin PBXFrameworksBuildPhase section */
		E64E8CE8FCF5A0859BAC7CDB /* Frameworks */ = {
			isa = PBXFrameworksBuildPhase;
			buildActionMask = 2147483647;
			files = (
				1968B06CB86F5BDFBC2CECE3 /* CoreFoundation.framework in Frameworks */,
				FC60604C32A6B273979F566F /* Security.framework in Frameworks */,
				A39E96BE7FDBE0B9F7C3F002 /* SystemConfiguration.framework in Frameworks */,
			);
			runOnlyForDeploymentPostprocessing = 0;
		};
/* End PBXFrameworksBuildPhase section */

/* Begin PBXGroup section */
		00F8E23566A736AE6B575F08 /* Products */ = {
			isa = PBXGroup;
			children = (
				00A5EB06BE3509FD063C2508 /* Nordyg.app */,
			);
			name = Products;
			sourceTree = "<group>";
		};
		0D2137364C07761E25B29394 /* Model */ = {
			isa = PBXGroup;
			children = (
				C111DA1D51ABC444DDD8BBD6 /* AppModel.swift */,
				0398D499E37F2DFFB5BE296A /* History.swift */,
				06FA671494916709A42DAF73 /* WatchCenter.swift */,
			);
			path = Model;
			sourceTree = "<group>";
		};
		2627CD8F3416CA45AA65C8C2 /* Frameworks */ = {
			isa = PBXGroup;
			children = (
				033AFA978BEC7A1F7B4A3C24 /* CoreFoundation.framework */,
				6C2E2AD67FA445D256C98277 /* Security.framework */,
				8D7C6B267CD2CFC21912F6B6 /* SystemConfiguration.framework */,
			);
			name = Frameworks;
			sourceTree = "<group>";
		};
		281140C4E2D2C30633007E31 /* NordygCore */ = {
			isa = PBXGroup;
			children = (
				D8C87B2C5A32B93139BFA60E /* libnordyg.h */,
				08A4CD629480DD0D02DC72AD /* module.modulemap */,
			);
			path = NordygCore;
			sourceTree = "<group>";
		};
		54D0439D27AF6627CEB37FDF = {
			isa = PBXGroup;
			children = (
				F08CF871BC88F03299B8D696 /* Nordyg */,
				281140C4E2D2C30633007E31 /* NordygCore */,
				2627CD8F3416CA45AA65C8C2 /* Frameworks */,
				00F8E23566A736AE6B575F08 /* Products */,
			);
			sourceTree = "<group>";
		};
		5996491A9C355A92FE53A039 /* Core */ = {
			isa = PBXGroup;
			children = (
				FEE6EDBC45BAE685E6A30F3B /* Contract.swift */,
				FA298458E1FC218F3D43D8F9 /* CoreBridge.swift */,
				126A49E5275FB83FA0A413EE /* JSONValue.swift */,
				0F9A107B146C8BA52FD9D231 /* SystemLookup.swift */,
				A2C725578BDAB3F4F7D41862 /* SystemResolvers.swift */,
			);
			path = Core;
			sourceTree = "<group>";
		};
		8D737FABF73131FA8C1BF3B5 /* Views */ = {
			isa = PBXGroup;
			children = (
				9CBC3718CAF2A1B452FF1C10 /* CompareView.swift */,
				BD92D60BBA8CD7918A1EBBB6 /* ContentView.swift */,
				04E9BE2BF54273089464150C /* DetailsView.swift */,
				CE0B9951B7ED27F5CA39F03F /* DNSSECView.swift */,
				AC5484107ACD135B39E7E13D /* EmailView.swift */,
				6349ECABD302FD6CD13C3D1A /* HistoryView.swift */,
				57E1032E4B1912602DA8E0F6 /* QueryBar.swift */,
				A2CF6A7A69A355276A1A4D3E /* QueryResultView.swift */,
				7B77C6D5F2806DF13D416182 /* RecordDetail.swift */,
				43FEC950C575558AC0B80170 /* RegistryView.swift */,
				0C35D0A5583336D66422EB05 /* Style.swift */,
				6FD7B9BEE151A9DB9A3F7094 /* TraceView.swift */,
				8691B7565317767E3CA6034C /* WatchView.swift */,
			);
			path = Views;
			sourceTree = "<group>";
		};
		F08CF871BC88F03299B8D696 /* Nordyg */ = {
			isa = PBXGroup;
			children = (
				85317044D794DF2935CD0676 /* AppIcon.icon */,
				F8C9238FB7F10930BB8EDDFE /* Assets.xcassets */,
				2F3EF3B2BD66623456A4D7ED /* Info.plist */,
				73D887D92E6DD0BA362E5276 /* Nordyg.entitlements */,
				0F543A15E0D412ED6A81EC90 /* NordygApp.swift */,
				5996491A9C355A92FE53A039 /* Core */,
				0D2137364C07761E25B29394 /* Model */,
				8D737FABF73131FA8C1BF3B5 /* Views */,
			);
			path = Nordyg;
			sourceTree = "<group>";
		};
/* End PBXGroup section */

/* Begin PBXNativeTarget section */
		529644CA9CFA95208C8A5E36 /* Nordyg */ = {
			isa = PBXNativeTarget;
			buildConfigurationList = 22A85577DE58765CFCE48C25 /* Build configuration list for PBXNativeTarget "Nordyg" */;
			buildPhases = (
				D2317AA3DA808657A685D803 /* Sources */,
				076FDA6A933B2D594666A2C4 /* Resources */,
				E64E8CE8FCF5A0859BAC7CDB /* Frameworks */,
			);
			buildRules = (
			);
			dependencies = (
			);
			name = Nordyg;
			packageProductDependencies = (
			);
			productName = Nordyg;
			productReference = 00A5EB06BE3509FD063C2508 /* Nordyg.app */;
			productType = "com.apple.product-type.application";
		};
/* End PBXNativeTarget section */

/* Begin PBXProject section */
		C8270AC2371991D76B25CA76 /* Project object */ = {
			isa = PBXProject;
			attributes = {
				BuildIndependentTargetsInParallel = YES;
				LastUpgradeCheck = 1430;
				TargetAttributes = {
					529644CA9CFA95208C8A5E36 = {
						ProvisioningStyle = Automatic;
					};
				};
			};
			buildConfigurationList = ABA147D3476556D0BAD7063B /* Build configuration list for PBXProject "Nordyg" */;
			developmentRegion = en;
			hasScannedForEncodings = 0;
			knownRegions = (
				Base,
				en,
			);
			mainGroup = 54D0439D27AF6627CEB37FDF;
			minimizedProjectReferenceProxies = 1;
			preferredProjectObjectVersion = 77;
			productRefGroup = 00F8E23566A736AE6B575F08 /* Products */;
			projectDirPath = "";
			projectRoot = "";
			targets = (
				529644CA9CFA95208C8A5E36 /* Nordyg */,
			);
		};
/* End PBXProject section */

/* Begin PBXResourcesBuildPhase section */
		076FDA6A933B2D594666A2C4 /* Resources */ = {
			isa = PBXResourcesBuildPhase;
			buildActionMask = 2147483647;
			files = (
				769F5477EC6A291C9C3CC96D /* AppIcon.icon in Resources */,
				37DE70F461EACF2170FEFC38 /* Assets.xcassets in Resources */,
			);
			runOnlyForDeploymentPostprocessing = 0;
		};
/* End PBXResourcesBuildPhase section */

/* Begin PBXSourcesBuildPhase section */
		D2317AA3DA808657A685D803 /* Sources */ = {
			isa = PBXSourcesBuildPhase;
			buildActionMask = 2147483647;
			files = (
				0FFCEB4EA38630BDB4AA47A3 /* AppModel.swift in Sources */,
				D7F96C26DCBBB7B059530FC9 /* CompareView.swift in Sources */,
				C5DB41DC623384B4FF764EA3 /* ContentView.swift in Sources */,
				19C6A6A2B084B43FA2C57C9E /* Contract.swift in Sources */,
				97F294C961493B18A4AF1B0E /* CoreBridge.swift in Sources */,
				A68EBB735D368413FE4D2D32 /* DNSSECView.swift in Sources */,
				A094BEA3D065337DBC388D35 /* DetailsView.swift in Sources */,
				28FD7195F45FD6ED7BD75544 /* EmailView.swift in Sources */,
				D5481E55DD56C6D970C05D1C /* History.swift in Sources */,
				CB3D2C1089E90722A9FEB10B /* HistoryView.swift in Sources */,
				F5588726D26CDAB2CDCD5B4A /* JSONValue.swift in Sources */,
				EE94450E7756AFD6937BCDB7 /* NordygApp.swift in Sources */,
				123BB2C7D292495FBDE1D1FD /* QueryBar.swift in Sources */,
				8C69467B616CDABBE6E4D918 /* QueryResultView.swift in Sources */,
				820894E762F1EED80DB70068 /* RecordDetail.swift in Sources */,
				D559A3B445037FC3C41C0C40 /* RegistryView.swift in Sources */,
				DC821772277930838732CC4E /* Style.swift in Sources */,
				B6B93EE85E9B297A2BC65A87 /* SystemLookup.swift in Sources */,
				F49E1B2B1C820BEA7904E28E /* SystemResolvers.swift in Sources */,
				3C83A913246980103EF0641D /* TraceView.swift in Sources */,
				AA2CD3C6424EF46CD673FB62 /* WatchCenter.swift in Sources */,
				E0083259941AB5A76373DACE /* WatchView.swift in Sources */,
			);
			runOnlyForDeploymentPostprocessing = 0;
		};
/* End PBXSourcesBuildPhase section */

/* Begin XCBuildConfiguration section */
		0EB980EAB5AEBEF8FCD172A6 /* Debug */ = {
			isa = XCBuildConfiguration;
			buildSettings = {
				ASSETCATALOG_COMPILER_APPICON_NAME = AppIcon;
				ASSETCATALOG_COMPILER_GLOBAL_ACCENT_COLOR_NAME = AccentColor;
				CODE_SIGN_ENTITLEMENTS = Nordyg/Nordyg.entitlements;
				CODE_SIGN_STYLE = Automatic;
				COMBINE_HIDPI_IMAGES = YES;
				DEAD_CODE_STRIPPING = YES;
				ENABLE_HARDENED_RUNTIME = YES;
				INFOPLIST_FILE = Nordyg/Info.plist;
				LD_RUNPATH_SEARCH_PATHS = (
					"$(inherited)",
					"@executable_path/../Frameworks",
				);
				LIBRARY_SEARCH_PATHS = "$(SRCROOT)/../core/build";
				OTHER_LDFLAGS = (
					"-lnordyg",
					"-lresolv",
				);
				PRODUCT_BUNDLE_IDENTIFIER = foo.n0rdy.nordyg;
				PRODUCT_NAME = Nordyg;
				SDKROOT = macosx;
				SWIFT_INCLUDE_PATHS = "$(SRCROOT)/NordygCore";
			};
			name = Debug;
		};
		16F10F0BF8BDD63CF366755F /* Release */ = {
			isa = XCBuildConfiguration;
			buildSettings = {
				ALWAYS_SEARCH_USER_PATHS = NO;
				CLANG_ANALYZER_NONNULL = YES;
				CLANG_ANALYZER_NUMBER_OBJECT_CONVERSION = YES_AGGRESSIVE;
				CLANG_CXX_LANGUAGE_STANDARD = "gnu++14";
				CLANG_CXX_LIBRARY = "libc++";
				CLANG_ENABLE_MODULES = YES;
				CLANG_ENABLE_OBJC_ARC = YES;
				CLANG_ENABLE_OBJC_WEAK = YES;
				CLANG_WARN_BLOCK_CAPTURE_AUTORELEASING = YES;
				CLANG_WARN_BOOL_CONVERSION = YES;
				CLANG_WARN_COMMA = YES;
				CLANG_WARN_CONSTANT_CONVERSION = YES;
				CLANG_WARN_DEPRECATED_OBJC_IMPLEMENTATIONS = YES;
				CLANG_WARN_DIRECT_OBJC_ISA_USAGE = YES_ERROR;
				CLANG_WARN_DOCUMENTATION_COMMENTS = YES;
				CLANG_WARN_EMPTY_BODY = YES;
				CLANG_WARN_ENUM_CONVERSION = YES;
				CLANG_WARN_INFINITE_RECURSION = YES;
				CLANG_WARN_INT_CONVERSION = YES;
				CLANG_WARN_NON_LITERAL_NULL_CONVERSION = YES;
				CLANG_WARN_OBJC_IMPLICIT_RETAIN_SELF = YES;
				CLANG_WARN_OBJC_LITERAL_CONVERSION = YES;
				CLANG_WARN_OBJC_ROOT_CLASS = YES_ERROR;
				CLANG_WARN_QUOTED_INCLUDE_IN_FRAMEWORK_HEADER = YES;
				CLANG_WARN_RANGE_LOOP_ANALYSIS = YES;
				CLANG_WARN_STRICT_PROTOTYPES = YES;
				CLANG_WARN_SUSPICIOUS_MOVE = YES;
				CLANG_WARN_UNGUARDED_AVAILABILITY = YES_AGGRESSIVE;
				CLANG_WARN_UNREACHABLE_CODE = YES;
				CLANG_WARN__DUPLICATE_METHOD_MATCH = YES;
				COPY_PHASE_STRIP = NO;
				DEBUG_INFORMATION_FORMAT = "dwarf-with-dsym";
				ENABLE_NS_ASSERTIONS = NO;
				ENABLE_STRICT_OBJC_MSGSEND = YES;
				GCC_C_LANGUAGE_STANDARD = gnu11;
				GCC_NO_COMMON_BLOCKS = YES;
				GCC_WARN_64_TO_32_BIT_CONVERSION = YES;
				GCC_WARN_ABOUT_RETURN_TYPE = YES_ERROR;
				GCC_WARN_UNDECLARED_SELECTOR = YES;
				GCC_WARN_UNINITIALIZED_AUTOS = YES_AGGRESSIVE;
				GCC_WARN_UNUSED_FUNCTION = YES;
				GCC_WARN_UNUSED_VARIABLE = YES;
				MACOSX_DEPLOYMENT_TARGET = 14.0;
				MTL_ENABLE_DEBUG_INFO = NO;
				MTL_FAST_MATH = YES;
				PRODUCT_NAME = "$(TARGET_NAME)";
				SDKROOT = macosx;
				SWIFT_COMPILATION_MODE = wholemodule;
				SWIFT_OPTIMIZATION_LEVEL = "-O";
				SWIFT_STRICT_CONCURRENCY = minimal;
				SWIFT_VERSION = 5.9;
			};
			name = Release;
		};
		6A9F675CAA81A015144B6955 /* Debug */ = {
			isa = XCBuildConfiguration;
			buildSettings = {
				ALWAYS_SEARCH_USER_PATHS = NO;
				CLANG_ANALYZER_NONNULL = YES;
				CLANG_ANALYZER_NUMBER_OBJECT_CONVERSION = YES_AGGRESSIVE;
				CLANG_CXX_LANGUAGE_STANDARD = "gnu++14";
				CLANG_CXX_LIBRARY = "libc++";
				CLANG_ENABLE_MODULES = YES;
				CLANG_ENABLE_OBJC_ARC = YES;
				CLANG_ENABLE_OBJC_WEAK = YES;
				CLANG_WARN_BLOCK_CAPTURE_AUTORELEASING = YES;
				CLANG_WARN_BOOL_CONVERSION = YES;
				CLANG_WARN_COMMA = YES;
				CLANG_WARN_CONSTANT_CONVERSION = YES;
				CLANG_WARN_DEPRECATED_OBJC_IMPLEMENTATIONS = YES;
				CLANG_WARN_DIRECT_OBJC_ISA_USAGE = YES_ERROR;
				CLANG_WARN_DOCUMENTATION_COMMENTS = YES;
				CLANG_WARN_EMPTY_BODY = YES;
				CLANG_WARN_ENUM_CONVERSION = YES;
				CLANG_WARN_INFINITE_RECURSION = YES;
				CLANG_WARN_INT_CONVERSION = YES;
				CLANG_WARN_NON_LITERAL_NULL_CONVERSION = YES;
				CLANG_WARN_OBJC_IMPLICIT_RETAIN_SELF = YES;
				CLANG_WARN_OBJC_LITERAL_CONVERSION = YES;
				CLANG_WARN_OBJC_ROOT_CLASS = YES_ERROR;
				CLANG_WARN_QUOTED_INCLUDE_IN_FRAMEWORK_HEADER = YES;
				CLANG_WARN_RANGE_LOOP_ANALYSIS = YES;
				CLANG_WARN_STRICT_PROTOTYPES = YES;
				CLANG_WARN_SUSPICIOUS_MOVE = YES;
				CLANG_WARN_UNGUARDED_AVAILABILITY = YES_AGGRESSIVE;
				CLANG_WARN_UNREACHABLE_CODE = YES;
				CLANG_WARN__DUPLICATE_METHOD_MATCH = YES;
				COPY_PHASE_STRIP = NO;
				DEBUG_INFORMATION_FORMAT = dwarf;
				ENABLE_STRICT_OBJC_MSGSEND = YES;
				ENABLE_TESTABILITY = YES;
				GCC_C_LANGUAGE_STANDARD = gnu11;
				GCC_DYNAMIC_NO_PIC = NO;
				GCC_NO_COMMON_BLOCKS = YES;
				GCC_OPTIMIZATION_LEVEL = 0;
				GCC_PREPROCESSOR_DEFINITIONS = (
					"$(inherited)",
					"DEBUG=1",
				);
				GCC_WARN_64_TO_32_BIT_CONVERSION = YES;
				GCC_WARN_ABOUT_RETURN_TYPE = YES_ERROR;
				GCC_WARN_UNDECLARED_SELECTOR = YES;
				GCC_WARN_UNINITIALIZED_AUTOS = YES_AGGRESSIVE;
				GCC_WARN_UNUSED_FUNCTION = YES;
				GCC_WARN_UNUSED_VARIABLE = YES;
				MACOSX_DEPLOYMENT_TARGET = 14.0;
				MTL_ENABLE_DEBUG_INFO = INCLUDE_SOURCE;
				MTL_FAST_MATH = YES;
				ONLY_ACTIVE_ARCH = YES;
				PRODUCT_NAME = "$(TARGET_NAME)";
				SDKROOT = macosx;
				SWIFT_ACTIVE_COMPILATION_CONDITIONS = DEBUG;
				SWIFT_OPTIMIZATION_LEVEL = "-Onone";
				SWIFT_STRICT_CONCURRENCY = minimal;
				SWIFT_VERSION = 5.9;
			};
			name = Debug;
		};
		C72268586F19B4EF35F888A0 /* Release */ = {
			isa = XCBuildConfiguration;
			buildSettings = {
				ASSETCATALOG_COMPILER_APPICON_NAME = AppIcon;
				ASSETCATALOG_COMPILER_GLOBAL_ACCENT_COLOR_NAME = AccentColor;
				CODE_SIGN_ENTITLEMENTS = Nordyg/Nordyg.entitlements;
				CODE_SIGN_STYLE = Automatic;
				COMBINE_HIDPI_IMAGES = YES;
				DEAD_CODE_STRIPPING = YES;
				ENABLE_HARDENED_RUNTIME = YES;
				INFOPLIST_FILE = Nordyg/Info.plist;
				LD_RUNPATH_SEARCH_PATHS = (
					"$(inherited)",
					"@executable_path/../Frameworks",
				);
				LIBRARY_SEARCH_PATHS = "$(SRCROOT)/../core/build";
				OTHER_LDFLAGS = (
					"-lnordyg",
					"-lresolv",
				);
				PRODUCT_BUNDLE_IDENTIFIER = foo.n0rdy.nordyg;
				PRODUCT_NAME = Nordyg;
				SDKROOT = macosx;
				SWIFT_INCLUDE_PATHS = "$(SRCROOT)/NordygCore";
			};
			name = Release;
		};
/* End XCBuildConfiguration section */

/* Begin XCConfigurationList section */
		22A85577DE58765CFCE48C25 /* Build configuration list for PBXNativeTarget "Nordyg" */ = {
			isa = XCConfigurationList;
			buildConfigurations = (
				0EB980EAB5AEBEF8FCD172A6 /* Debug */,
				C72268586F19B4EF35F888A0 /* Release */,
			);
			defaultConfigurationIsVisible = 0;
			defaultConfigurationName = Debug;
		};
		ABA147D3476556D0BAD7063B /* Build configuration list for PBXProject "Nordyg" */ = {
			isa = XCConfigurationList;
			buildConfigurations = (
				6A9F675CAA81A015144B6955 /* Debug */,
				16F10F0BF8BDD63CF366755F /* Release */,
			);
			defaultConfigurationIsVisible = 0;
			defaultConfigurationName = Debug;
		};
/* End XCConfigurationList section */
	};
	rootObject = C8270AC2371991D76B25CA76 /* Project object */;
}
